{
  "name": "webrtc-try",
  "version": "1.0.0",
  "lockfileVersion": 1,
  "requires": true,
  "dependencies": {
    "@achingbrain/ip-address": {
      "version": "8.1.0",
      "resolved": "https://registry.npmjs.org/@achingbrain/ip-address/-/ip-address-8.1.0.tgz",
      "integrity": "sha512-Zus4vMKVRDm+R1o0QJNhD0PD/8qRGO3Zx8YPsFG5lANt5utVtGg3iHVGBSAF80TfQmhi8rP+Kg/OigdxY0BXHw==",
      "requires": {
        "jsbn": "1.1.0",
        "sprintf-js": "1.1.2"
      }
    },
    "@chainsafe/is-ip": {
      "version": "1.0.0",
      "resolved": "https://registry.npmjs.org/@chainsafe/is-ip/-/is-ip-1.0.0.tgz",
      "integrity": "sha512-aqilXiQWxvvbG8VamukkoDEZVX+mWDZSBgzcbkCnQ1cfhT1JqNUDdzUH145WPMqves/gawOmlWi3Bt0WC8pOJA=="
    },
    "@libp2p/interface-connection": {
      "version": "3.0.2",
      "resolved": "https://registry.npmjs.org/@libp2p/interface-connection/-/interface-connection-3.0.2.tgz",
      "integrity": "sha512-38R2GQ6BCOtwMi5uWU5MLr+xfEpRmVK9gqOp7jNx+6T7TVn8ji4725XLXNfpzprbOrzZkqf2iER84s8+yX4pMA==",
      "requires": {
        "@libp2p/interface-peer-id": "^1.0.0",
        "@libp2p/interfaces": "^3.0.0",
        "@multiformats/multiaddr": "^11.0.0",
        "it-stream-types": "^1.0.4",
        "uint8arraylist": "^2.1.1"
      }
    },
    "@libp2p/interface-peer-id": {
      "version": "1.0.5",
      "resolved": "https://registry.npmjs.org/@libp2p/interface-peer-id/-/interface-peer-id-1.0.5.tgz",
      "integrity": "sha512-K7TJTmtPWfIrH4NS5y+dvAwQltoga+ScGgjs+ZGKz07uHzoPUeE/OpXxs5Msdela6hp+dP1Ha7bZmA/Njbq5bg==",
      "requires": {
        "multiformats": "^10.0.0"
      }
    },
    "@libp2p/interface-peer-info": {
      "version": "1.0.3",
      "resolved": "https://registry.npmjs.org/@libp2p/interface-peer-info/-/interface-peer-info-1.0.3.tgz",
      "integrity": "sha512-QKybxfp/NmDGDMkgf/CTt4fU03ajZnldHr9TYg5wMkJrnVaaHbhDTYBg5YWt+iOH1mgR89/dpKv/Na0ZE5sPIA==",
      "requires": {
        "@libp2p/interface-peer-id": "^1.0.0",
        "@multiformats/multiaddr": "^11.0.0"
      }
    },
    "@libp2p/interface-peer-store": {
      "version": "1.2.2",
      "resolved": "https://registry.npmjs.org/@libp2p/interface-peer-store/-/interface-peer-store-1.2.2.tgz",
      "integrity": "sha512-ZjE9AkDtjz4R+SppCgZ66oko7Z9pDsdFk1lbba0hTPA2i0uuWdTYep7bZ3RvKot0Q2UrWg8ySL/30pW+Wp70sA==",
      "requires": {
        "@libp2p/interface-peer-id": "^1.0.0",
        "@libp2p/interface-peer-info": "^1.0.0",
        "@libp2p/interface-record": "^2.0.0",
        "@libp2p/interfaces": "^3.0.0",
        "@multiformats/multiaddr": "^11.0.0"
      }
    },
    "@libp2p/interface-record": {
      "version": "2.0.1",
      "resolved": "https://registry.npmjs.org/@libp2p/interface-record/-/interface-record-2.0.1.tgz",
      "integrity": "sha512-RqF5jKukI8v3Q8MZb4d8/UVjg0OXbl0R8ErWi/LKf+uklA8kTA7rT4FQXFUBycxrkFmEu/tJnW+R1/4fwRwZVg==",
      "requires": {
        "@libp2p/interface-peer-id": "^1.0.0",
        "uint8arraylist": "^2.0.0"
      }
    },
    "@libp2p/interface-stream-muxer": {
      "version": "3.0.0",
      "resolved": "https://registry.npmjs.org/@libp2p/interface-stream-muxer/-/interface-stream-muxer-3.0.0.tgz",
      "integrity": "sha512-qv7Z4KJC2SLu/GhwDzT71VBHhtu2fpSL/DGh0iFmkxicQsMmdpiqmXv9EGKw3+jdQL57uKIUm98OpOi2Hge0kg==",
      "requires": {
        "@libp2p/interface-connection": "^3.0.0",
        "@libp2p/interfaces": "^3.0.0",
        "it-stream-types": "^1.0.4"
      }
    },
    "@libp2p/interface-transport": {
      "version": "2.0.0",
      "resolved": "https://registry.npmjs.org/@libp2p/interface-transport/-/interface-transport-2.0.0.tgz",
      "integrity": "sha512-aK33gpkEzfEtoSPlS7z624Tubf49CD2x4DUbXOmQCXDP/rhh3gAQq5XU5dcincM3QXlx6RRSO1PWRqM8EnLE0Q==",
      "requires": {
        "@libp2p/interface-connection": "^3.0.0",
        "@libp2p/interface-stream-muxer": "^3.0.0",
        "@libp2p/interfaces": "^3.0.0",
        "@multiformats/multiaddr": "^11.0.0",
        "it-stream-types": "^1.0.4"
      }
    },
    "@libp2p/interfaces": {
      "version": "3.0.3",
      "resolved": "https://registry.npmjs.org/@libp2p/interfaces/-/interfaces-3.0.3.tgz",
      "integrity": "sha512-8IIxw7TKpaYTtVfZN3jePLlm/E/VzqPpqerN+jhA+1s86akRSeyxVBYi3W9SWDSf0oIauHJSDE8KNxLceAfeag=="
    },
    "@libp2p/logger": {
      "version": "2.0.2",
      "resolved": "https://registry.npmjs.org/@libp2p/logger/-/logger-2.0.2.tgz",
      "integrity": "sha512-7XuYoKuce7wTUkVSpll3A/BVlnCVV2kQEfgHtNe8fK8miXCDJFKYm/DhCP1/ZOFs/TrkVt7F/TFJwQ9tlOj3rw==",
      "requires": {
        "@libp2p/interface-peer-id": "^1.0.2",
        "debug": "^4.3.3",
        "interface-datastore": "^7.0.0",
        "multiformats": "^10.0.0"
      }
    },
    "@libp2p/tcp": {
      "version": "5.0.1",
      "resolved": "https://registry.npmjs.org/@libp2p/tcp/-/tcp-5.0.1.tgz",
      "integrity": "sha512-MPHFHiyrua2Rkj5tmzIqRwW3GkPZnhEY4ozzoW1sNUSSMGZdHfYL9epOK1fX8VXpLknnf56xIkGlNJOAkOAEeQ==",
      "requires": {
        "@libp2p/interface-connection": "^3.0.2",
        "@libp2p/interface-transport": "^2.0.0",
        "@libp2p/interfaces": "^3.0.3",
        "@libp2p/logger": "^2.0.0",
        "@libp2p/utils": "^3.0.2",
        "@multiformats/mafmt": "^11.0.3",
        "@multiformats/multiaddr": "^11.0.0",
        "abortable-iterator": "^4.0.2",
        "err-code": "^3.0.1",
        "stream-to-it": "^0.2.2"
      }
    },
    "@libp2p/utils": {
      "version": "3.0.2",
      "resolved": "https://registry.npmjs.org/@libp2p/utils/-/utils-3.0.2.tgz",
      "integrity": "sha512-/+mwCEd1o1sko3fYkVfy9pDT3Ks+KszR4Y3fb3M3/UCETDituvqZKHHM4wyTJsFlrFrohbtYlNvWhJ7Pej3X5g==",
      "requires": {
        "@achingbrain/ip-address": "^8.1.0",
        "@libp2p/interface-connection": "^3.0.2",
        "@libp2p/interface-peer-store": "^1.2.1",
        "@libp2p/logger": "^2.0.0",
        "@multiformats/multiaddr": "^11.0.0",
        "abortable-iterator": "^4.0.2",
        "err-code": "^3.0.1",
        "is-loopback-addr": "^2.0.1",
        "it-stream-types": "^1.0.4",
        "private-ip": "^2.1.1",
        "uint8arraylist": "^2.3.2"
      }
    },
    "@multiformats/mafmt": {
      "version": "11.0.3",
      "resolved": "https://registry.npmjs.org/@multiformats/mafmt/-/mafmt-11.0.3.tgz",
      "integrity": "sha512-DvCQeZJgaC4kE3BLqMuW3gQkNAW14Z7I+yMt30Ze+wkfHkWSp+bICcHGihhtgfzYCumHA/vHlJ9n54mrCcmnvQ==",
      "requires": {
        "@multiformats/multiaddr": "^11.0.0"
      }
    },
    "@multiformats/multiaddr": {
      "version": "11.0.6",
      "resolved": "https://registry.npmjs.org/@multiformats/multiaddr/-/multiaddr-11.0.6.tgz",
      "integrity": "sha512-5TvEdCc5uFqcwGA+IwSw49swyHtUbwjhjwF3WQcV9vkzTv1C8oEWhoD2QcsiomDRk8rdqqRyDH6wlZExvLnxjw==",
      "requires": {
        "@chainsafe/is-ip": "^1.0.0",
        "dns-over-http-resolver": "^2.1.0",
        "err-code": "^3.0.1",
        "multiformats": "^10.0.0",
        "uint8arrays": "^4.0.2",
        "varint": "^6.0.0"
      }
    },
    "abortable-iterator": {
      "version": "4.0.2",
      "resolved": "https://registry.npmjs.org/abortable-iterator/-/abortable-iterator-4.0.2.tgz",
      "integrity": "sha512-SJGELER5yXr9v3kiL6mT5RZ1qlyJ9hV4nm34+vfsdIM1lp3zENQvpsqKgykpFLgRMUn3lzlizLTpiOASW05/+g==",
      "requires": {
        "get-iterator": "^2.0.0",
        "it-stream-types": "^1.0.3"
      }
    },
    "debug": {
      "version": "4.3.4",
      "resolved": "https://registry.npmjs.org/debug/-/debug-4.3.4.tgz",
      "integrity": "sha512-PRWFHuSU3eDtQJPvnNY7Jcket1j0t5OuOsFzPPzsekD52Zl8qUfFIPEiswXqIvHWGVHOgX+7G/vCNNhehwxfkQ==",
      "requires": {
        "ms": "2.1.2"
      }
    },
    "dns-over-http-resolver": {
      "version": "2.1.0",
      "resolved": "https://registry.npmjs.org/dns-over-http-resolver/-/dns-over-http-resolver-2.1.0.tgz",
      "integrity": "sha512-eb8RGy6k54JdD7Rjw8g65y1MyA4z3m3IIYh7uazkgZuKIdFn8gYt8dydMm3op+2UshDdk9EexrXcDluKNY/CDg==",
      "requires": {
        "debug": "^4.3.1",
        "native-fetch": "^4.0.2",
        "receptacle": "^1.3.2"
      }
    },
    "err-code": {
      "version": "3.0.1",
      "resolved": "https://registry.npmjs.org/err-code/-/err-code-3.0.1.tgz",
      "integrity": "sha512-GiaH0KJUewYok+eeY05IIgjtAe4Yltygk9Wqp1V5yVWLdhf0hYZchRjNIT9bb0mSwRcIusT3cx7PJUf3zEIfUA=="
    },
    "get-iterator": {
      "version": "2.0.0",
      "resolved": "https://registry.npmjs.org/get-iterator/-/get-iterator-2.0.0.tgz",
      "integrity": "sha512-BDJawD5PU2gZv6Vlp8O28H4GnZcsr3h9gZUvnAP5xXP3WOy/QAoOsyMepSkw21jur+4t5Vppde72ChjhTIzxzg=="
    },
    "interface-datastore": {
      "version": "7.0.1",
      "resolved": "https://registry.npmjs.org/interface-datastore/-/interface-datastore-7.0.1.tgz",
      "integrity": "sha512-Arm3PyEdL9kvzUXVPSE8x6YPK5N0MAP9b7au6D9Y91dgWVVLFMGt/W3oiR1mhgT+U82Qc7FcVgW8FBpivOBDAg==",
      "requires": {
        "interface-store": "^3.0.0",
        "nanoid": "^4.0.0",
        "uint8arrays": "^4.0.2"
      }
    },
    "interface-store": {
      "version": "3.0.1",
      "resolved": "https://registry.npmjs.org/interface-store/-/interface-store-3.0.1.tgz",
      "integrity": "sha512-S5JcwBV+cJorsD0zGKHcBa8A2e578gw9vhZX0QhkV4Xyl4lAMAg5N2GJceUnjCfj/FOKzxTdABzJKPOF2Id8Ig=="
    },
    "ip-regex": {
      "version": "4.3.0",
      "resolved": "https://registry.npmjs.org/ip-regex/-/ip-regex-4.3.0.tgz",
      "integrity": "sha512-B9ZWJxHHOHUhUjCPrMpLD4xEq35bUTClHM1S6CBU5ixQnkZmwipwgc96vAd7AAGM9TGHvJR+Uss+/Ak6UphK+Q=="
    },
    "ipaddr.js": {
      "version": "2.0.1",
      "resolved": "https://registry.npmjs.org/ipaddr.js/-/ipaddr.js-2.0.1.tgz",
      "integrity": "sha512-1qTgH9NG+IIJ4yfKs2e6Pp1bZg8wbDbKHT21HrLIeYBTRLgMYKnMTPAuI3Lcs61nfx5h1xlXnbJtH1kX5/d/ng=="
    },
    "is-ip": {
      "version": "3.1.0",
      "resolved": "https://registry.npmjs.org/is-ip/-/is-ip-3.1.0.tgz",
      "integrity": "sha512-35vd5necO7IitFPjd/YBeqwWnyDWbuLH9ZXQdMfDA8TEo7pv5X8yfrvVO3xbJbLUlERCMvf6X0hTUamQxCYJ9Q==",
      "requires": {
        "ip-regex": "^4.0.0"
      }
    },
    "is-loopback-addr": {
      "version": "2.0.1",
      "resolved": "https://registry.npmjs.org/is-loopback-addr/-/is-loopback-addr-2.0.1.tgz",
      "integrity": "sha512-SEsepLbdWFb13B6U0tt6dYcUM0iK/U7XOC43N70Z4Qb88WpNtp+ospyNI9ddpqncs7Z7brAEsVBTQpaqSNntIw=="
    },
    "it-stream-types": {
      "version": "1.0.4",
      "resolved": "https://registry.npmjs.org/it-stream-types/-/it-stream-types-1.0.4.tgz",
      "integrity": "sha512-0F3CqTIcIHwtnmIgqd03a7sw8BegAmE32N2w7anIGdALea4oAN4ltqPgDMZ7zn4XPLZifXEZlBXSzgg64L1Ebw=="
    },
    "jsbn": {
      "version": "1.1.0",
      "resolved": "https://registry.npmjs.org/jsbn/-/jsbn-1.1.0.tgz",
      "integrity": "sha512-4bYVV3aAMtDTTu4+xsDYa6sy9GyJ69/amsu9sYF2zqjiEoZA5xJi3BrfX3uY+/IekIu7MwdObdbDWpoZdBv3/A=="
    },
    "ms": {
      "version": "2.1.2",
      "resolved": "https://registry.npmjs.org/ms/-/ms-2.1.2.tgz",
      "integrity": "sha512-sGkPx+VjMtmA6MX27oA4FBFELFCZZ4S4XqeGOXCv68tT+jb3vk/RyaKWP0PTKyWtmLSM0b+adUTEvbs1PEaH2w=="
    },
    "multiformats": {
      "version": "10.0.2",
      "resolved": "https://registry.npmjs.org/multiformats/-/multiformats-10.0.2.tgz",
      "integrity": "sha512-nJEHLFOYhO4L+aNApHhCnWqa31FyqAHv9Q77AhmwU3KsM2f1j7tuJpCk5ByZ33smzycNCpSG5klNIejIyfFx2A=="
    },
    "nanoid": {
      "version": "4.0.0",
      "resolved": "https://registry.npmjs.org/nanoid/-/nanoid-4.0.0.tgz",
      "integrity": "sha512-IgBP8piMxe/gf73RTQx7hmnhwz0aaEXYakvqZyE302IXW3HyVNhdNGC+O2MwMAVhLEnvXlvKtGbtJf6wvHihCg=="
    },
    "native-fetch": {
      "version": "4.0.2",
      "resolved": "https://registry.npmjs.org/native-fetch/-/native-fetch-4.0.2.tgz",
      "integrity": "sha512-4QcVlKFtv2EYVS5MBgsGX5+NWKtbDbIECdUXDBGDMAZXq3Jkv9zf+y8iS7Ub8fEdga3GpYeazp9gauNqXHJOCg=="
    },
    "netmask": {
      "version": "2.0.2",
      "resolved": "https://registry.npmjs.org/netmask/-/netmask-2.0.2.tgz",
      "integrity": "sha512-dBpDMdxv9Irdq66304OLfEmQ9tbNRFnFTuZiLo+bD+r332bBmMJ8GBLXklIXXgxd3+v9+KUnZaUR5PJMa75Gsg=="
    },
    "private-ip": {
      "version": "2.3.4",
      "resolved": "https://registry.npmjs.org/private-ip/-/private-ip-2.3.4.tgz",
      "integrity": "sha512-ts/YFVwfBeLq61f9+KsOhXW6RH0wvY0gU50R6QZYzgFhggyyLK6WDFeYdjfi/HMnBm2hecLvsR3PB3JcRxDk+A==",
      "requires": {
        "ip-regex": "^4.3.0",
        "ipaddr.js": "^2.0.1",
        "is-ip": "^3.1.0",
        "netmask": "^2.0.2"
      }
    },
    "receptacle": {
      "version": "1.3.2",
      "resolved": "https://registry.npmjs.org/receptacle/-/receptacle-1.3.2.tgz",
      "integrity": "sha512-HrsFvqZZheusncQRiEE7GatOAETrARKV/lnfYicIm8lbvp/JQOdADOfhjBd2DajvoszEyxSM6RlAAIZgEoeu/A==",
      "requires": {
        "ms": "^2.1.1"
      }
    },
    "sprintf-js": {
      "version": "1.1.2",
      "resolved": "https://registry.npmjs.org/sprintf-js/-/sprintf-js-1.1.2.tgz",
      "integrity": "sha512-VE0SOVEHCk7Qc8ulkWw3ntAzXuqf7S2lvwQaDLRnUeIEaKNQJzV6BwmLKhOqT61aGhfUMrXeaBk+oDGCzvhcug=="
    },
    "stream-to-it": {
      "version": "0.2.4",
      "resolved": "https://registry.npmjs.org/stream-to-it/-/stream-to-it-0.2.4.tgz",
      "integrity": "sha512-4vEbkSs83OahpmBybNJXlJd7d6/RxzkkSdT3I0mnGt79Xd2Kk+e1JqbvAvsQfCeKj3aKb0QIWkyK3/n0j506vQ==",
      "requires": {
        "get-iterator": "^1.0.2"
      },
      "dependencies": {
        "get-iterator": {
          "version": "1.0.2",
          "resolved": "https://registry.npmjs.org/get-iterator/-/get-iterator-1.0.2.tgz",
          "integrity": "sha512-v+dm9bNVfOYsY1OrhaCrmyOcYoSeVvbt+hHZ0Au+T+p1y+0Uyj9aMaGIeUTT6xdpRbWzDeYKvfOslPhggQMcsg=="
        }
      }
    },
    "uint8arraylist": {
      "version": "2.3.3",
      "resolved": "https://registry.npmjs.org/uint8arraylist/-/uint8arraylist-2.3.3.tgz",
      "integrity": "sha512-5uM6jtxAEnkRSTQewKCwX5IvaQb1gTadNSQLTZexNh9j8e10+0o208VP81VGmfkMUud2ApMxT5O6P4BRu1J/jA==",
      "requires": {
        "uint8arrays": "^4.0.2"
      }
    },
    "uint8arrays": {
      "version": "4.0.2",
      "resolved": "https://registry.npmjs.org/uint8arrays/-/uint8arrays-4.0.2.tgz",
      "integrity": "sha512-8CWXXZdOvVrIL4SeY/Gnp+idxxiGK4XFkP4FY26Sx/fpTz/b6vv4BVWELMDzQweSyyhdcuAcU14H6izzB6k1Cw==",
      "requires": {
        "multiformats": "^10.0.0"
      }
    },
    "varint": {
      "version": "6.0.0",
      "resolved": "https://registry.npmjs.org/varint/-/varint-6.0.0.tgz",
      "integrity": "sha512-cXEIW6cfr15lFv563k4GuVuW/fiwjknytD37jIOLSdSWuOI6WnO/oKwmP2FQTU2l01LP8/M5TSAJpzUaGe3uWg=="
    }
  }
}
